{
    "_readme": [
        "This file locks the dependencies of your project to a known state",
        "Read more about it at https://getcomposer.org/doc/01-basic-usage.md#installing-dependencies",
        "This file is @generated automatically"
    ],
    "content-hash": "157786c7143d73f63b3bacba18c3e8ed",
    "packages": [
        {
            "name": "mexitek/phpcolors",
            "version": "dev-master",
            "source": {
                "type": "git",
                "url": "https://github.com/mexitek/phpColors.git",
                "reference": "edf134221a1f2b6b9a15c0cfadd65dc1add8bad2"
            },
            "dist": {
                "type": "zip",
                "url": "https://api.github.com/repos/mexitek/phpColors/zipball/edf134221a1f2b6b9a15c0cfadd65dc1add8bad2",
                "reference": "edf134221a1f2b6b9a15c0cfadd65dc1add8bad2",
                "shasum": ""
            },
            "require": {
                "php": ">=5.3.0"
            },
            "require-dev": {
                "nette/tester": "~1.6"
            },
            "type": "library",
            "autoload": {
                "classmap": [
                    "src"
                ]
            },
            "notification-url": "https://packagist.org/downloads/",
            "license": [
                "MIT"
            ],
            "authors": [
                {
                    "name": "Arlo Carreon",
                    "homepage": "http://arlocarreon.com",
                    "role": "creator"
                }
            ],
            "description": "A series of methods that let you manipulate colors. Just incase you ever need different shades of one color on the fly.",
            "homepage": "http://mexitek.github.com/phpColors/",
            "keywords": [
                "color",
                "css",
                "design",
                "frontend",
                "ui"
            ],
            "time": "2018-03-26T06:13:55+00:00"
        }
    ],
    "packages-dev": [],
    "aliases": [],
    "minimum-stability": "stable",
    "stability-flags": {
        "mexitek/phpcolors": 20
    },
    "prefer-stable": false,
    "prefer-lowest": false,
    "platform": [],
    "platform-dev": []
}
